dependencies:
  '@msgpack/msgpack': 2.3.0
lockfileVersion: 5.2
packages:
  /@msgpack/msgpack/2.3.0:
    dev: false
    engines:
      node: '>= 10'
    resolution:
      integrity: sha512-xxRejzNpiVQ2lzxMG/yo2ocfZSk+cKo2THq54AimaubMucg66DpQm9Yj7ESMr/l2EqDkmF2Dx4r0F/cbsitAaw==
specifiers:
  '@msgpack/msgpack': ^2.3.0
